
Microsoft Visual Studio Solution File, Format Version 12.00
# Visual Studio 2013
VisualStudioVersion = 12.0.21005.1
MinimumVisualStudioVersion = 10.0.40219.1
Project("{FAE04EC0-301F-11D3-BF4B-00C04F79EFBC}") = "HDL Buspro Setup Tool", "HDL Buspro Setup Tool\HDL Buspro Setup Tool.csproj", "{5FC5F5C2-1EBB-4B9B-94FC-AD35C52C8C7F}"
EndProject
Global
	GlobalSection(SolutionConfigurationPlatforms) = preSolution
		CD_ROM|Any CPU = CD_ROM|Any CPU
		Debug|Any CPU = Debug|Any CPU
		DVD-5|Any CPU = DVD-5|Any CPU
		Release|Any CPU = Release|Any CPU
		SingleImage|Any CPU = SingleImage|Any CPU
	EndGlobalSection
	GlobalSection(ProjectConfigurationPlatforms) = postSolution
		{5FC5F5C2-1EBB-4B9B-94FC-AD35C52C8C7F}.CD_ROM|Any CPU.ActiveCfg = Release|Any CPU
		{5FC5F5C2-1EBB-4B9B-94FC-AD35C52C8C7F}.CD_ROM|Any CPU.Build.0 = Release|Any CPU
		{5FC5F5C2-1EBB-4B9B-94FC-AD35C52C8C7F}.Debug|Any CPU.ActiveCfg = Debug|Any CPU
		{5FC5F5C2-1EBB-4B9B-94FC-AD35C52C8C7F}.Debug|Any CPU.Build.0 = Debug|Any CPU
		{5FC5F5C2-1EBB-4B9B-94FC-AD35C52C8C7F}.DVD-5|Any CPU.ActiveCfg = Debug|Any CPU
		{5FC5F5C2-1EBB-4B9B-94FC-AD35C52C8C7F}.DVD-5|Any CPU.Build.0 = Debug|Any CPU
		{5FC5F5C2-1EBB-4B9B-94FC-AD35C52C8C7F}.Release|Any CPU.ActiveCfg = Release|Any CPU
		{5FC5F5C2-1EBB-4B9B-94FC-AD35C52C8C7F}.Release|Any CPU.Build.0 = Release|Any CPU
		{5FC5F5C2-1EBB-4B9B-94FC-AD35C52C8C7F}.SingleImage|Any CPU.ActiveCfg = Release|Any CPU
		{5FC5F5C2-1EBB-4B9B-94FC-AD35C52C8C7F}.SingleImage|Any CPU.Build.0 = Release|Any CPU
	EndGlobalSection
	GlobalSection(SolutionProperties) = preSolution
		HideSolutionNode = FALSE
	EndGlobalSection
EndGlobal
